// !$*UTF8*$!
{
	archiveVersion = 1;
	classes = {
	};
	objectVersion = 56;
	objects = {

/* Begin PBXBuildFile section */
		BD1AEB362BCA421A0069A75F /* FanDaApp.swift in Sources */ = {isa = PBXBuildFile; fileRef = BD1AEB352BCA421A0069A75F /* FanDaApp.swift */; };
		BD1AEB382BCA421A0069A75F /* SelectTeam.swift in Sources */ = {isa = PBXBuildFile; fileRef = BD1AEB372BCA421A0069A75F /* SelectTeam.swift */; };
		BD1AEB3A2BCA421A0069A75F /* Assets.xcassets in Resources */ = {isa = PBXBuildFile; fileRef = BD1AEB392BCA421A0069A75F /* Assets.xcassets */; };
		BD1AEB3D2BCA421A0069A75F /* Preview Assets.xcassets in Resources */ = {isa = PBXBuildFile; fileRef = BD1AEB3C2BCA421A0069A75F /* Preview Assets.xcassets */; };
		BD1AEB462BCA4B4C0069A75F /* Teams.swift in Sources */ = {isa = PBXBuildFile; fileRef = BD1AEB452BCA4B4C0069A75F /* Teams.swift */; };
		BD1AEB4B2BCAB9780069A75F /* CalendarView.swift in Sources */ = {isa = PBXBuildFile; fileRef = BD1AEB4A2BCAB9780069A75F /* CalendarView.swift */; };
		BD1AEB4D2BCAC0B70069A75F /* CustomDatePicker.swift in Sources */ = {isa = PBXBuildFile; fileRef = BD1AEB4C2BCAC0B70069A75F /* CustomDatePicker.swift */; };
		BD1AEB4F2BCACB250069A75F /* DateValue.swift in Sources */ = {isa = PBXBuildFile; fileRef = BD1AEB4E2BCACB250069A75F /* DateValue.swift */; };
		BD1AEB512BCBA0170069A75F /* UserMatchRecord.swift in Sources */ = {isa = PBXBuildFile; fileRef = BD1AEB502BCBA0170069A75F /* UserMatchRecord.swift */; };
		BD1AEB532BCBA5760069A75F /* UserData.swift in Sources */ = {isa = PBXBuildFile; fileRef = BD1AEB522BCBA5760069A75F /* UserData.swift */; };
		BD1AEB552BCC1A9C0069A75F /* TopBarView.swift in Sources */ = {isa = PBXBuildFile; fileRef = BD1AEB542BCC1A9C0069A75F /* TopBarView.swift */; };
		BD583AF82BCCB5E5005B4EFB /* DiaryListView.swift in Sources */ = {isa = PBXBuildFile; fileRef = BD583AF72BCCB5E5005B4EFB /* DiaryListView.swift */; };
		BD583B042BCCBECB005B4EFB /* image0.png in Resources */ = {isa = PBXBuildFile; fileRef = BD583AFA2BCCBECB005B4EFB /* image0.png */; };
		BD583B052BCCBECB005B4EFB /* image6.png in Resources */ = {isa = PBXBuildFile; fileRef = BD583AFB2BCCBECB005B4EFB /* image6.png */; };
		BD583B062BCCBECB005B4EFB /* image2.png in Resources */ = {isa = PBXBuildFile; fileRef = BD583AFC2BCCBECB005B4EFB /* image2.png */; };
		BD583B072BCCBECB005B4EFB /* image5.png in Resources */ = {isa = PBXBuildFile; fileRef = BD583AFD2BCCBECB005B4EFB /* image5.png */; };
		BD583B082BCCBECB005B4EFB /* image8.png in Resources */ = {isa = PBXBuildFile; fileRef = BD583AFE2BCCBECB005B4EFB /* image8.png */; };
		BD583B092BCCBECB005B4EFB /* image3.png in Resources */ = {isa = PBXBuildFile; fileRef = BD583AFF2BCCBECB005B4EFB /* image3.png */; };
		BD583B0A2BCCBECB005B4EFB /* image4.png in Resources */ = {isa = PBXBuildFile; fileRef = BD583B002BCCBECB005B4EFB /* image4.png */; };
		BD583B0B2BCCBECB005B4EFB /* image1.png in Resources */ = {isa = PBXBuildFile; fileRef = BD583B012BCCBECB005B4EFB /* image1.png */; };
		BD583B0C2BCCBECB005B4EFB /* image7.png in Resources */ = {isa = PBXBuildFile; fileRef = BD583B022BCCBECB005B4EFB /* image7.png */; };
		BD583B0D2BCCBECB005B4EFB /* image9.png in Resources */ = {isa = PBXBuildFile; fileRef = BD583B032BCCBECB005B4EFB /* image9.png */; };
		BD74DBEC2BCD7F0300704806 /* InputModalView.swift in Sources */ = {isa = PBXBuildFile; fileRef = BD74DBEB2BCD7F0300704806 /* InputModalView.swift */; };
/* End PBXBuildFile section */

/* Begin PBXFileReference section */
		BD1AEB322BCA421A0069A75F /* FanDa.app */ = {isa = PBXFileReference; explicitFileType = wrapper.application; includeInIndex = 0; path = FanDa.app; sourceTree = BUILT_PRODUCTS_DIR; };
		BD1AEB352BCA421A0069A75F /* FanDaApp.swift */ = {isa = PBXFileReference; lastKnownFileType = sourcecode.swift; path = FanDaApp.swift; sourceTree = "<group>"; };
		BD1AEB372BCA421A0069A75F /* SelectTeam.swift */ = {isa = PBXFileReference; lastKnownFileType = sourcecode.swift; path = SelectTeam.swift; sourceTree = "<group>"; };
		BD1AEB392BCA421A0069A75F /* Assets.xcassets */ = {isa = PBXFileReference; lastKnownFileType = folder.assetcatalog; path = Assets.xcassets; sourceTree = "<group>"; };
		BD1AEB3C2BCA421A0069A75F /* Preview Assets.xcassets */ = {isa = PBXFileReference; lastKnownFileType = folder.assetcatalog; path = "Preview Assets.xcassets"; sourceTree = "<group>"; };
		BD1AEB452BCA4B4C0069A75F /* Teams.swift */ = {isa = PBXFileReference; lastKnownFileType = sourcecode.swift; path = Teams.swift; sourceTree = "<group>"; };
		BD1AEB4A2BCAB9780069A75F /* CalendarView.swift */ = {isa = PBXFileReference; lastKnownFileType = sourcecode.swift; path = CalendarView.swift; sourceTree = "<group>"; };
		BD1AEB4C2BCAC0B70069A75F /* CustomDatePicker.swift */ = {isa = PBXFileReference; lastKnownFileType = sourcecode.swift; path = CustomDatePicker.swift; sourceTree = "<group>"; };
		BD1AEB4E2BCACB250069A75F /* DateValue.swift */ = {isa = PBXFileReference; lastKnownFileType = sourcecode.swift; path = DateValue.swift; sourceTree = "<group>"; };
		BD1AEB502BCBA0170069A75F /* UserMatchRecord.swift */ = {isa = PBXFileReference; lastKnownFileType = sourcecode.swift; path = UserMatchRecord.swift; sourceTree = "<group>"; };
		BD1AEB522BCBA5760069A75F /* UserData.swift */ = {isa = PBXFileReference; lastKnownFileType = sourcecode.swift; path = UserData.swift; sourceTree = "<group>"; };
		BD1AEB542BCC1A9C0069A75F /* TopBarView.swift */ = {isa = PBXFileReference; lastKnownFileType = sourcecode.swift; path = TopBarView.swift; sourceTree = "<group>"; };
		BD583AF72BCCB5E5005B4EFB /* DiaryListView.swift */ = {isa = PBXFileReference; lastKnownFileType = sourcecode.swift; path = DiaryListView.swift; sourceTree = "<group>"; };
		BD583AFA2BCCBECB005B4EFB /* image0.png */ = {isa = PBXFileReference; lastKnownFileType = image.png; name = image0.png; path = ../../../images/image0.png; sourceTree = "<group>"; };
		BD583AFB2BCCBECB005B4EFB /* image6.png */ = {isa = PBXFileReference; lastKnownFileType = image.png; name = image6.png; path = ../../../images/image6.png; sourceTree = "<group>"; };
		BD583AFC2BCCBECB005B4EFB /* image2.png */ = {isa = PBXFileReference; lastKnownFileType = image.png; name = image2.png; path = ../../../images/image2.png; sourceTree = "<group>"; };
		BD583AFD2BCCBECB005B4EFB /* image5.png */ = {isa = PBXFileReference; lastKnownFileType = image.png; name = image5.png; path = ../../../images/image5.png; sourceTree = "<group>"; };
		BD583AFE2BCCBECB005B4EFB /* image8.png */ = {isa = PBXFileReference; lastKnownFileType = image.png; name = image8.png; path = ../../../images/image8.png; sourceTree = "<group>"; };
		BD583AFF2BCCBECB005B4EFB /* image3.png */ = {isa = PBXFileReference; lastKnownFileType = image.png; name = image3.png; path = ../../../images/image3.png; sourceTree = "<group>"; };
		BD583B002BCCBECB005B4EFB /* image4.png */ = {isa = PBXFileReference; lastKnownFileType = image.png; name = image4.png; path = ../../../images/image4.png; sourceTree = "<group>"; };
		BD583B012BCCBECB005B4EFB /* image1.png */ = {isa = PBXFileReference; lastKnownFileType = image.png; name = image1.png; path = ../../../images/image1.png; sourceTree = "<group>"; };
		BD583B022BCCBECB005B4EFB /* image7.png */ = {isa = PBXFileReference; lastKnownFileType = image.png; name = image7.png; path = ../../../images/image7.png; sourceTree = "<group>"; };
		BD583B032BCCBECB005B4EFB /* image9.png */ = {isa = PBXFileReference; lastKnownFileType = image.png; name = image9.png; path = ../../../images/image9.png; sourceTree = "<group>"; };
		BD74DBEB2BCD7F0300704806 /* InputModalView.swift */ = {isa = PBXFileReference; lastKnownFileType = sourcecode.swift; path = InputModalView.swift; sourceTree = "<group>"; };
/* End PBXFileReference section */

/* Begin PBXFrameworksBuildPhase section */
		BD1AEB2F2BCA421A0069A75F /* Frameworks */ = {
			isa = PBXFrameworksBuildPhase;
			buildActionMask = 2147483647;
			files = (
			);
			runOnlyForDeploymentPostprocessing = 0;
		};
/* End PBXFrameworksBuildPhase section */

/* Begin PBXGroup section */
		BD1AEB292BCA421A0069A75F = {
			isa = PBXGroup;
			children = (
				BD1AEB342BCA421A0069A75F /* FanDa */,
				BD1AEB332BCA421A0069A75F /* Products */,
			);
			sourceTree = "<group>";
		};
		BD1AEB332BCA421A0069A75F /* Products */ = {
			isa = PBXGroup;
			children = (
				BD1AEB322BCA421A0069A75F /* FanDa.app */,
			);
			name = Products;
			sourceTree = "<group>";
		};
		BD1AEB342BCA421A0069A75F /* FanDa */ = {
			isa = PBXGroup;
			children = (
				BD583AF92BCCB9FA005B4EFB /* Images */,
				BD1AEB442BCA4B380069A75F /* Datas */,
				BD1AEB432BCA4B250069A75F /* Views */,
				BD1AEB392BCA421A0069A75F /* Assets.xcassets */,
				BD1AEB3B2BCA421A0069A75F /* Preview Content */,
			);
			path = FanDa;
			sourceTree = "<group>";
		};
		BD1AEB3B2BCA421A0069A75F /* Preview Content */ = {
			isa = PBXGroup;
			children = (
				BD1AEB3C2BCA421A0069A75F /* Preview Assets.xcassets */,
			);
			path = "Preview Content";
			sourceTree = "<group>";
		};
		BD1AEB432BCA4B250069A75F /* Views */ = {
			isa = PBXGroup;
			children = (
				BD1AEB352BCA421A0069A75F /* FanDaApp.swift */,
				BD1AEB372BCA421A0069A75F /* SelectTeam.swift */,
				BD1AEB4A2BCAB9780069A75F /* CalendarView.swift */,
				BD1AEB4C2BCAC0B70069A75F /* CustomDatePicker.swift */,
				BD1AEB542BCC1A9C0069A75F /* TopBarView.swift */,
				BD583AF72BCCB5E5005B4EFB /* DiaryListView.swift */,
				BD74DBEB2BCD7F0300704806 /* InputModalView.swift */,
			);
			path = Views;
			sourceTree = "<group>";
		};
		BD1AEB442BCA4B380069A75F /* Datas */ = {
			isa = PBXGroup;
			children = (
				BD1AEB452BCA4B4C0069A75F /* Teams.swift */,
				BD1AEB4E2BCACB250069A75F /* DateValue.swift */,
				BD1AEB502BCBA0170069A75F /* UserMatchRecord.swift */,
				BD1AEB522BCBA5760069A75F /* UserData.swift */,
			);
			path = Datas;
			sourceTree = "<group>";
		};
		BD583AF92BCCB9FA005B4EFB /* Images */ = {
			isa = PBXGroup;
			children = (
				BD583AFA2BCCBECB005B4EFB /* image0.png */,
				BD583B012BCCBECB005B4EFB /* image1.png */,
				BD583AFC2BCCBECB005B4EFB /* image2.png */,
				BD583AFF2BCCBECB005B4EFB /* image3.png */,
				BD583B002BCCBECB005B4EFB /* image4.png */,
				BD583AFD2BCCBECB005B4EFB /* image5.png */,
				BD583AFB2BCCBECB005B4EFB /* image6.png */,
				BD583B022BCCBECB005B4EFB /* image7.png */,
				BD583AFE2BCCBECB005B4EFB /* image8.png */,
				BD583B032BCCBECB005B4EFB /* image9.png */,
			);
			path = Images;
			sourceTree = "<group>";
		};
/* End PBXGroup section */

/* Begin PBXNativeTarget section */
		BD1AEB312BCA421A0069A75F /* FanDa */ = {
			isa = PBXNativeTarget;
			buildConfigurationList = BD1AEB402BCA421A0069A75F /* Build configuration list for PBXNativeTarget "FanDa" */;
			buildPhases = (
				BD1AEB2E2BCA421A0069A75F /* Sources */,
				BD1AEB2F2BCA421A0069A75F /* Frameworks */,
				BD1AEB302BCA421A0069A75F /* Resources */,
			);
			buildRules = (
			);
			dependencies = (
			);
			name = FanDa;
			productName = FanDa;
			productReference = BD1AEB322BCA421A0069A75F /* FanDa.app */;
			productType = "com.apple.product-type.application";
		};
/* End PBXNativeTarget section */

/* Begin PBXProject section */
		BD1AEB2A2BCA421A0069A75F /* Project object */ = {
			isa = PBXProject;
			attributes = {
				BuildIndependentTargetsInParallel = 1;
				LastSwiftUpdateCheck = 1530;
				LastUpgradeCheck = 1530;
				TargetAttributes = {
					BD1AEB312BCA421A0069A75F = {
						CreatedOnToolsVersion = 15.3;
					};
				};
			};
			buildConfigurationList = BD1AEB2D2BCA421A0069A75F /* Build configuration list for PBXProject "FanDa" */;
			compatibilityVersion = "Xcode 14.0";
			developmentRegion = en;
			hasScannedForEncodings = 0;
			knownRegions = (
				en,
				Base,
			);
			mainGroup = BD1AEB292BCA421A0069A75F;
			productRefGroup = BD1AEB332BCA421A0069A75F /* Products */;
			projectDirPath = "";
			projectRoot = "";
			targets = (
				BD1AEB312BCA421A0069A75F /* FanDa */,
			);
		};
/* End PBXProject section */

/* Begin PBXResourcesBuildPhase section */
		BD1AEB302BCA421A0069A75F /* Resources */ = {
			isa = PBXResourcesBuildPhase;
			buildActionMask = 2147483647;
			files = (
				BD583B0A2BCCBECB005B4EFB /* image4.png in Resources */,
				BD583B0D2BCCBECB005B4EFB /* image9.png in Resources */,
				BD583B0B2BCCBECB005B4EFB /* image1.png in Resources */,
				BD583B082BCCBECB005B4EFB /* image8.png in Resources */,
				BD1AEB3D2BCA421A0069A75F /* Preview Assets.xcassets in Resources */,
				BD583B062BCCBECB005B4EFB /* image2.png in Resources */,
				BD583B092BCCBECB005B4EFB /* image3.png in Resources */,
				BD583B042BCCBECB005B4EFB /* image0.png in Resources */,
				BD583B052BCCBECB005B4EFB /* image6.png in Resources */,
				BD583B0C2BCCBECB005B4EFB /* image7.png in Resources */,
				BD1AEB3A2BCA421A0069A75F /* Assets.xcassets in Resources */,
				BD583B072BCCBECB005B4EFB /* image5.png in Resources */,
			);
			runOnlyForDeploymentPostprocessing = 0;
		};
/* End PBXResourcesBuildPhase section */

/* Begin PBXSourcesBuildPhase section */
		BD1AEB2E2BCA421A0069A75F /* Sources */ = {
			isa = PBXSourcesBuildPhase;
			buildActionMask = 2147483647;
			files = (
				BD1AEB512BCBA0170069A75F /* UserMatchRecord.swift in Sources */,
				BD1AEB4D2BCAC0B70069A75F /* CustomDatePicker.swift in Sources */,
				BD1AEB532BCBA5760069A75F /* UserData.swift in Sources */,
				BD1AEB462BCA4B4C0069A75F /* Teams.swift in Sources */,
				BD1AEB382BCA421A0069A75F /* SelectTeam.swift in Sources */,
				BD583AF82BCCB5E5005B4EFB /* DiaryListView.swift in Sources */,
				BD1AEB552BCC1A9C0069A75F /* TopBarView.swift in Sources */,
				BD1AEB4F2BCACB250069A75F /* DateValue.swift in Sources */,
				BD74DBEC2BCD7F0300704806 /* InputModalView.swift in Sources */,
				BD1AEB362BCA421A0069A75F /* FanDaApp.swift in Sources */,
				BD1AEB4B2BCAB9780069A75F /* CalendarView.swift in Sources */,
			);
			runOnlyForDeploymentPostprocessing = 0;
		};
/* End PBXSourcesBuildPhase section */

/* Begin XCBuildConfiguration section */
		BD1AEB3E2BCA421A0069A75F /* Debug */ = {
			isa = XCBuildConfiguration;
			buildSettings = {
				ALWAYS_SEARCH_USER_PATHS = NO;
				ASSETCATALOG_COMPILER_GENERATE_SWIFT_ASSET_SYMBOL_EXTENSIONS = YES;
				CLANG_ANALYZER_NONNULL = YES;
				CLANG_ANALYZER_NUMBER_OBJECT_CONVERSION = YES_AGGRESSIVE;
				CLANG_CXX_LANGUAGE_STANDARD = "gnu++20";
				CLANG_ENABLE_MODULES = YES;
				CLANG_ENABLE_OBJC_ARC = YES;
				CLANG_ENABLE_OBJC_WEAK = YES;
				CLANG_WARN_BLOCK_CAPTURE_AUTORELEASING = YES;
				CLANG_WARN_BOOL_CONVERSION = YES;
				CLANG_WARN_COMMA = YES;
				CLANG_WARN_CONSTANT_CONVERSION = YES;
				CLANG_WARN_DEPRECATED_OBJC_IMPLEMENTATIONS = YES;
				CLANG_WARN_DIRECT_OBJC_ISA_USAGE = YES_ERROR;
				CLANG_WARN_DOCUMENTATION_COMMENTS = YES;
				CLANG_WARN_EMPTY_BODY = YES;
				CLANG_WARN_ENUM_CONVERSION = YES;
				CLANG_WARN_INFINITE_RECURSION = YES;
				CLANG_WARN_INT_CONVERSION = YES;
				CLANG_WARN_NON_LITERAL_NULL_CONVERSION = YES;
				CLANG_WARN_OBJC_IMPLICIT_RETAIN_SELF = YES;
				CLANG_WARN_OBJC_LITERAL_CONVERSION = YES;
				CLANG_WARN_OBJC_ROOT_CLASS = YES_ERROR;
				CLANG_WARN_QUOTED_INCLUDE_IN_FRAMEWORK_HEADER = YES;
				CLANG_WARN_RANGE_LOOP_ANALYSIS = YES;
				CLANG_WARN_STRICT_PROTOTYPES = YES;
				CLANG_WARN_SUSPICIOUS_MOVE = YES;
				CLANG_WARN_UNGUARDED_AVAILABILITY = YES_AGGRESSIVE;
				CLANG_WARN_UNREACHABLE_CODE = YES;
				CLANG_WARN__DUPLICATE_METHOD_MATCH = YES;
				COPY_PHASE_STRIP = NO;
				DEBUG_INFORMATION_FORMAT = dwarf;
				ENABLE_STRICT_OBJC_MSGSEND = YES;
				ENABLE_TESTABILITY = YES;
				ENABLE_USER_SCRIPT_SANDBOXING = YES;
				GCC_C_LANGUAGE_STANDARD = gnu17;
				GCC_DYNAMIC_NO_PIC = NO;
				GCC_NO_COMMON_BLOCKS = YES;
				GCC_OPTIMIZATION_LEVEL = 0;
				GCC_PREPROCESSOR_DEFINITIONS = (
					"DEBUG=1",
					"$(inherited)",
				);
				GCC_WARN_64_TO_32_BIT_CONVERSION = YES;
				GCC_WARN_ABOUT_RETURN_TYPE = YES_ERROR;
				GCC_WARN_UNDECLARED_SELECTOR = YES;
				GCC_WARN_UNINITIALIZED_AUTOS = YES_AGGRESSIVE;
				GCC_WARN_UNUSED_FUNCTION = YES;
				GCC_WARN_UNUSED_VARIABLE = YES;
				IPHONEOS_DEPLOYMENT_TARGET = 17.4;
				LOCALIZATION_PREFERS_STRING_CATALOGS = YES;
				MTL_ENABLE_DEBUG_INFO = INCLUDE_SOURCE;
				MTL_FAST_MATH = YES;
				ONLY_ACTIVE_ARCH = YES;
				SDKROOT = iphoneos;
				SWIFT_ACTIVE_COMPILATION_CONDITIONS = "DEBUG $(inherited)";
				SWIFT_OPTIMIZATION_LEVEL = "-Onone";
			};
			name = Debug;
		};
		BD1AEB3F2BCA421A0069A75F /* Release */ = {
			isa = XCBuildConfiguration;
			buildSettings = {
				ALWAYS_SEARCH_USER_PATHS = NO;
				ASSETCATALOG_COMPILER_GENERATE_SWIFT_ASSET_SYMBOL_EXTENSIONS = YES;
				CLANG_ANALYZER_NONNULL = YES;
				CLANG_ANALYZER_NUMBER_OBJECT_CONVERSION = YES_AGGRESSIVE;
				CLANG_CXX_LANGUAGE_STANDARD = "gnu++20";
				CLANG_ENABLE_MODULES = YES;
				CLANG_ENABLE_OBJC_ARC = YES;
				CLANG_ENABLE_OBJC_WEAK = YES;
				CLANG_WARN_BLOCK_CAPTURE_AUTORELEASING = YES;
				CLANG_WARN_BOOL_CONVERSION = YES;
				CLANG_WARN_COMMA = YES;
				CLANG_WARN_CONSTANT_CONVERSION = YES;
				CLANG_WARN_DEPRECATED_OBJC_IMPLEMENTATIONS = YES;
				CLANG_WARN_DIRECT_OBJC_ISA_USAGE = YES_ERROR;
				CLANG_WARN_DOCUMENTATION_COMMENTS = YES;
				CLANG_WARN_EMPTY_BODY = YES;
				CLANG_WARN_ENUM_CONVERSION = YES;
				CLANG_WARN_INFINITE_RECURSION = YES;
				CLANG_WARN_INT_CONVERSION = YES;
				CLANG_WARN_NON_LITERAL_NULL_CONVERSION = YES;
				CLANG_WARN_OBJC_IMPLICIT_RETAIN_SELF = YES;
				CLANG_WARN_OBJC_LITERAL_CONVERSION = YES;
				CLANG_WARN_OBJC_ROOT_CLASS = YES_ERROR;
				CLANG_WARN_QUOTED_INCLUDE_IN_FRAMEWORK_HEADER = YES;
				CLANG_WARN_RANGE_LOOP_ANALYSIS = YES;
				CLANG_WARN_STRICT_PROTOTYPES = YES;
				CLANG_WARN_SUSPICIOUS_MOVE = YES;
				CLANG_WARN_UNGUARDED_AVAILABILITY = YES_AGGRESSIVE;
				CLANG_WARN_UNREACHABLE_CODE = YES;
				CLANG_WARN__DUPLICATE_METHOD_MATCH = YES;
				COPY_PHASE_STRIP = NO;
				DEBUG_INFORMATION_FORMAT = "dwarf-with-dsym";
				ENABLE_NS_ASSERTIONS = NO;
				ENABLE_STRICT_OBJC_MSGSEND = YES;
				ENABLE_USER_SCRIPT_SANDBOXING = YES;
				GCC_C_LANGUAGE_STANDARD = gnu17;
				GCC_NO_COMMON_BLOCKS = YES;
				GCC_WARN_64_TO_32_BIT_CONVERSION = YES;
				GCC_WARN_ABOUT_RETURN_TYPE = YES_ERROR;
				GCC_WARN_UNDECLARED_SELECTOR = YES;
				GCC_WARN_UNINITIALIZED_AUTOS = YES_AGGRESSIVE;
				GCC_WARN_UNUSED_FUNCTION = YES;
				GCC_WARN_UNUSED_VARIABLE = YES;
				IPHONEOS_DEPLOYMENT_TARGET = 17.4;
				LOCALIZATION_PREFERS_STRING_CATALOGS = YES;
				MTL_ENABLE_DEBUG_INFO = NO;
				MTL_FAST_MATH = YES;
				SDKROOT = iphoneos;
				SWIFT_COMPILATION_MODE = wholemodule;
				VALIDATE_PRODUCT = YES;
			};
			name = Release;
		};
		BD1AEB412BCA421A0069A75F /* Debug */ = {
			isa = XCBuildConfiguration;
			buildSettings = {
				ASSETCATALOG_COMPILER_APPICON_NAME = AppIcon;
				ASSETCATALOG_COMPILER_GLOBAL_ACCENT_COLOR_NAME = AccentColor;
				CODE_SIGN_STYLE = Automatic;
				CURRENT_PROJECT_VERSION = 1;
				DEVELOPMENT_ASSET_PATHS = "\"FanDa/Preview Content\"";
				ENABLE_PREVIEWS = YES;
				GENERATE_INFOPLIST_FILE = YES;
				INFOPLIST_KEY_UIApplicationSceneManifest_Generation = YES;
				INFOPLIST_KEY_UIApplicationSupportsIndirectInputEvents = YES;
				INFOPLIST_KEY_UILaunchScreen_Generation = YES;
				INFOPLIST_KEY_UISupportedInterfaceOrientations_iPad = "UIInterfaceOrientationPortrait UIInterfaceOrientationPortraitUpsideDown UIInterfaceOrientationLandscapeLeft UIInterfaceOrientationLandscapeRight";
				INFOPLIST_KEY_UISupportedInterfaceOrientations_iPhone = "UIInterfaceOrientationPortrait UIInterfaceOrientationLandscapeLeft UIInterfaceOrientationLandscapeRight";
				LD_RUNPATH_SEARCH_PATHS = (
					"$(inherited)",
					"@executable_path/Frameworks",
				);
				MARKETING_VERSION = 1.0;
				PRODUCT_BUNDLE_IDENTIFIER = com.hsy.FanDa;
				PRODUCT_NAME = "$(TARGET_NAME)";
				SWIFT_EMIT_LOC_STRINGS = YES;
				SWIFT_VERSION = 5.0;
				TARGETED_DEVICE_FAMILY = "1,2";
			};
			name = Debug;
		};
		BD1AEB422BCA421A0069A75F /* Release */ = {
			isa = XCBuildConfiguration;
			buildSettings = {
				ASSETCATALOG_COMPILER_APPICON_NAME = AppIcon;
				ASSETCATALOG_COMPILER_GLOBAL_ACCENT_COLOR_NAME = AccentColor;
				CODE_SIGN_STYLE = Automatic;
				CURRENT_PROJECT_VERSION = 1;
				DEVELOPMENT_ASSET_PATHS = "\"FanDa/Preview Content\"";
				ENABLE_PREVIEWS = YES;
				GENERATE_INFOPLIST_FILE = YES;
				INFOPLIST_KEY_UIApplicationSceneManifest_Generation = YES;
				INFOPLIST_KEY_UIApplicationSupportsIndirectInputEvents = YES;
				INFOPLIST_KEY_UILaunchScreen_Generation = YES;
				INFOPLIST_KEY_UISupportedInterfaceOrientations_iPad = "UIInterfaceOrientationPortrait UIInterfaceOrientationPortraitUpsideDown UIInterfaceOrientationLandscapeLeft UIInterfaceOrientationLandscapeRight";
				INFOPLIST_KEY_UISupportedInterfaceOrientations_iPhone = "UIInterfaceOrientationPortrait UIInterfaceOrientationLandscapeLeft UIInterfaceOrientationLandscapeRight";
				LD_RUNPATH_SEARCH_PATHS = (
					"$(inherited)",
					"@executable_path/Frameworks",
				);
				MARKETING_VERSION = 1.0;
				PRODUCT_BUNDLE_IDENTIFIER = com.hsy.FanDa;
				PRODUCT_NAME = "$(TARGET_NAME)";
				SWIFT_EMIT_LOC_STRINGS = YES;
				SWIFT_VERSION = 5.0;
				TARGETED_DEVICE_FAMILY = "1,2";
			};
			name = Release;
		};
/* End XCBuildConfiguration section */

/* Begin XCConfigurationList section */
		BD1AEB2D2BCA421A0069A75F /* Build configuration list for PBXProject "FanDa" */ = {
			isa = XCConfigurationList;
			buildConfigurations = (
				BD1AEB3E2BCA421A0069A75F /* Debug */,
				BD1AEB3F2BCA421A0069A75F /* Release */,
			);
			defaultConfigurationIsVisible = 0;
			defaultConfigurationName = Release;
		};
		BD1AEB402BCA421A0069A75F /* Build configuration list for PBXNativeTarget "FanDa" */ = {
			isa = XCConfigurationList;
			buildConfigurations = (
				BD1AEB412BCA421A0069A75F /* Debug */,
				BD1AEB422BCA421A0069A75F /* Release */,
			);
			defaultConfigurationIsVisible = 0;
			defaultConfigurationName = Release;
		};
/* End XCConfigurationList section */
	};
	rootObject = BD1AEB2A2BCA421A0069A75F /* Project object */;
}
